
Microsoft Visual Studio Solution File, Format Version 12.00
# Visual Studio Version 17
VisualStudioVersion = 17.11.35303.130
MinimumVisualStudioVersion = 10.0.40219.1
Project("{FAE04EC0-301F-11D3-BF4B-00C04F79EFBC}") = "DevProject", "DevProject\DevProject.csproj", "{C217F318-AACF-4D2A-9E28-EB68C36ED880}"
EndProject
Global
	GlobalSection(SolutionConfigurationPlatforms) = preSolution
		Debug|Any CPU = Debug|Any CPU
		Release|Any CPU = Release|Any CPU
	EndGlobalSection
	GlobalSection(ProjectConfigurationPlatforms) = postSolution
		{C217F318-AACF-4D2A-9E28-EB68C36ED880}.Debug|Any CPU.ActiveCfg = Debug|Any CPU
		{C217F318-AACF-4D2A-9E28-EB68C36ED880}.Debug|Any CPU.Build.0 = Debug|Any CPU
		{C217F318-AACF-4D2A-9E28-EB68C36ED880}.Release|Any CPU.ActiveCfg = Release|Any CPU
		{C217F318-AACF-4D2A-9E28-EB68C36ED880}.Release|Any CPU.Build.0 = Release|Any CPU
	EndGlobalSection
	GlobalSection(SolutionProperties) = preSolution
		HideSolutionNode = FALSE
	EndGlobalSection
	GlobalSection(ExtensibilityGlobals) = postSolution
		SolutionGuid = {0731A1F3-8DAE-4F5E-B2BC-BB7FB0C0E168}
	EndGlobalSection
EndGlobal
